
Microsoft Visual Studio Solution File, Format Version 12.00
Project("{FAE04EC0-301F-11D3-BF4B-00C04F79EFBC}") = "beatmapConverter", "beatmapConverter\beatmapConverter.csproj", "{A6E8DBEE-4E45-4BF5-A660-2FB4B3B6EE03}"
EndProject
Project("{FAE04EC0-301F-11D3-BF4B-00C04F79EFBC}") = "osu.Game", "osu.Game\osu.Game.csproj", "{477CB999-0E2E-47A0-BB73-EA13FDAC1C9A}"
EndProject
Project("{FAE04EC0-301F-11D3-BF4B-00C04F79EFBC}") = "osu.Game.Rulesets.Catch", "osu.Game.Rulesets.Catch\osu.Game.Rulesets.Catch.csproj", "{8DAD6C48-CDB0-480E-8376-66762402BED3}"
EndProject
Project("{FAE04EC0-301F-11D3-BF4B-00C04F79EFBC}") = "osu.Game.Rulesets.Mania", "osu.Game.Rulesets.Mania\osu.Game.Rulesets.Mania.csproj", "{4D90E986-3442-46A0-B5F1-4F5FB8609C83}"
EndProject
Project("{FAE04EC0-301F-11D3-BF4B-00C04F79EFBC}") = "osu.Game.Rulesets.Osu", "osu.Game.Rulesets.Osu\osu.Game.Rulesets.Osu.csproj", "{3A50ADCF-3AE0-497C-90FB-D657D6686171}"
EndProject
Project("{FAE04EC0-301F-11D3-BF4B-00C04F79EFBC}") = "osu.Game.Rulesets.Taiko", "osu.Game.Rulesets.Taiko\osu.Game.Rulesets.Taiko.csproj", "{3E806167-BED1-43E7-A368-70067261FEFB}"
EndProject
Global
	GlobalSection(SolutionConfigurationPlatforms) = preSolution
		Debug|Any CPU = Debug|Any CPU
		Release|Any CPU = Release|Any CPU
	EndGlobalSection
	GlobalSection(ProjectConfigurationPlatforms) = postSolution
		{A6E8DBEE-4E45-4BF5-A660-2FB4B3B6EE03}.Debug|Any CPU.ActiveCfg = Debug|Any CPU
		{A6E8DBEE-4E45-4BF5-A660-2FB4B3B6EE03}.Debug|Any CPU.Build.0 = Debug|Any CPU
		{A6E8DBEE-4E45-4BF5-A660-2FB4B3B6EE03}.Release|Any CPU.ActiveCfg = Release|Any CPU
		{A6E8DBEE-4E45-4BF5-A660-2FB4B3B6EE03}.Release|Any CPU.Build.0 = Release|Any CPU
		{477CB999-0E2E-47A0-BB73-EA13FDAC1C9A}.Debug|Any CPU.ActiveCfg = Debug|Any CPU
		{477CB999-0E2E-47A0-BB73-EA13FDAC1C9A}.Debug|Any CPU.Build.0 = Debug|Any CPU
		{477CB999-0E2E-47A0-BB73-EA13FDAC1C9A}.Release|Any CPU.ActiveCfg = Release|Any CPU
		{477CB999-0E2E-47A0-BB73-EA13FDAC1C9A}.Release|Any CPU.Build.0 = Release|Any CPU
		{8DAD6C48-CDB0-480E-8376-66762402BED3}.Debug|Any CPU.ActiveCfg = Debug|Any CPU
		{8DAD6C48-CDB0-480E-8376-66762402BED3}.Debug|Any CPU.Build.0 = Debug|Any CPU
		{8DAD6C48-CDB0-480E-8376-66762402BED3}.Release|Any CPU.ActiveCfg = Release|Any CPU
		{8DAD6C48-CDB0-480E-8376-66762402BED3}.Release|Any CPU.Build.0 = Release|Any CPU
		{4D90E986-3442-46A0-B5F1-4F5FB8609C83}.Debug|Any CPU.ActiveCfg = Debug|Any CPU
		{4D90E986-3442-46A0-B5F1-4F5FB8609C83}.Debug|Any CPU.Build.0 = Debug|Any CPU
		{4D90E986-3442-46A0-B5F1-4F5FB8609C83}.Release|Any CPU.ActiveCfg = Release|Any CPU
		{4D90E986-3442-46A0-B5F1-4F5FB8609C83}.Release|Any CPU.Build.0 = Release|Any CPU
		{3A50ADCF-3AE0-497C-90FB-D657D6686171}.Debug|Any CPU.ActiveCfg = Debug|Any CPU
		{3A50ADCF-3AE0-497C-90FB-D657D6686171}.Debug|Any CPU.Build.0 = Debug|Any CPU
		{3A50ADCF-3AE0-497C-90FB-D657D6686171}.Release|Any CPU.ActiveCfg = Release|Any CPU
		{3A50ADCF-3AE0-497C-90FB-D657D6686171}.Release|Any CPU.Build.0 = Release|Any CPU
		{3E806167-BED1-43E7-A368-70067261FEFB}.Debug|Any CPU.ActiveCfg = Debug|Any CPU
		{3E806167-BED1-43E7-A368-70067261FEFB}.Debug|Any CPU.Build.0 = Debug|Any CPU
		{3E806167-BED1-43E7-A368-70067261FEFB}.Release|Any CPU.ActiveCfg = Release|Any CPU
		{3E806167-BED1-43E7-A368-70067261FEFB}.Release|Any CPU.Build.0 = Release|Any CPU
	EndGlobalSection
EndGlobal
